
Microsoft Visual Studio Solution File, Format Version 12.00
# Visual Studio Version 16
VisualStudioVersion = 16.0.30907.101
MinimumVisualStudioVersion = 10.0.40219.1
Project("{FAE04EC0-301F-11D3-BF4B-00C04F79EFBC}") = "Library.Api", "Library.Api\Library.Api.csproj", "{0627B91F-E239-4247-9557-DE8A6003E635}"
EndProject
Project("{FAE04EC0-301F-11D3-BF4B-00C04F79EFBC}") = "Library.Core", "Library.Core\Library.Core.csproj", "{176C7F26-01C8-4763-A646-F6B73F56A9C9}"
EndProject
Project("{FAE04EC0-301F-11D3-BF4B-00C04F79EFBC}") = "Library.Infrastructure", "Library.Infrastructure\Library.Infrastructure.csproj", "{A4D36807-E5B4-4401-9785-C903E4686C76}"
EndProject
Global
	GlobalSection(SolutionConfigurationPlatforms) = preSolution
		Debug|Any CPU = Debug|Any CPU
		Release|Any CPU = Release|Any CPU
	EndGlobalSection
	GlobalSection(ProjectConfigurationPlatforms) = postSolution
		{0627B91F-E239-4247-9557-DE8A6003E635}.Debug|Any CPU.ActiveCfg = Debug|Any CPU
		{0627B91F-E239-4247-9557-DE8A6003E635}.Debug|Any CPU.Build.0 = Debug|Any CPU
		{0627B91F-E239-4247-9557-DE8A6003E635}.Release|Any CPU.ActiveCfg = Release|Any CPU
		{0627B91F-E239-4247-9557-DE8A6003E635}.Release|Any CPU.Build.0 = Release|Any CPU
		{176C7F26-01C8-4763-A646-F6B73F56A9C9}.Debug|Any CPU.ActiveCfg = Debug|Any CPU
		{176C7F26-01C8-4763-A646-F6B73F56A9C9}.Debug|Any CPU.Build.0 = Debug|Any CPU
		{176C7F26-01C8-4763-A646-F6B73F56A9C9}.Release|Any CPU.ActiveCfg = Release|Any CPU
		{176C7F26-01C8-4763-A646-F6B73F56A9C9}.Release|Any CPU.Build.0 = Release|Any CPU
		{A4D36807-E5B4-4401-9785-C903E4686C76}.Debug|Any CPU.ActiveCfg = Debug|Any CPU
		{A4D36807-E5B4-4401-9785-C903E4686C76}.Debug|Any CPU.Build.0 = Debug|Any CPU
		{A4D36807-E5B4-4401-9785-C903E4686C76}.Release|Any CPU.ActiveCfg = Release|Any CPU
		{A4D36807-E5B4-4401-9785-C903E4686C76}.Release|Any CPU.Build.0 = Release|Any CPU
	EndGlobalSection
	GlobalSection(SolutionProperties) = preSolution
		HideSolutionNode = FALSE
	EndGlobalSection
	GlobalSection(ExtensibilityGlobals) = postSolution
		SolutionGuid = {4AB9B888-2ED3-430E-A3AB-F03A41344919}
	EndGlobalSection
EndGlobal
